
Microsoft Visual Studio Solution File, Format Version 12.00
# Visual Studio 15
VisualStudioVersion = 15.0.28307.136
MinimumVisualStudioVersion = 10.0.40219.1
Project("{FAE04EC0-301F-11D3-BF4B-00C04F79EFBC}") = "TheCarCompany", "TheCarCompany\TheCarCompany.csproj", "{68B23872-941E-4DFA-BD3A-AB2C07A93D03}"
EndProject
Global
	GlobalSection(SolutionConfigurationPlatforms) = preSolution
		Debug|Any CPU = Debug|Any CPU
		Release|Any CPU = Release|Any CPU
	EndGlobalSection
	GlobalSection(ProjectConfigurationPlatforms) = postSolution
		{68B23872-941E-4DFA-BD3A-AB2C07A93D03}.Debug|Any CPU.ActiveCfg = Debug|Any CPU
		{68B23872-941E-4DFA-BD3A-AB2C07A93D03}.Debug|Any CPU.Build.0 = Debug|Any CPU
		{68B23872-941E-4DFA-BD3A-AB2C07A93D03}.Release|Any CPU.ActiveCfg = Release|Any CPU
		{68B23872-941E-4DFA-BD3A-AB2C07A93D03}.Release|Any CPU.Build.0 = Release|Any CPU
	EndGlobalSection
	GlobalSection(SolutionProperties) = preSolution
		HideSolutionNode = FALSE
	EndGlobalSection
	GlobalSection(ExtensibilityGlobals) = postSolution
		SolutionGuid = {FABAE2E5-2345-4307-B7EC-95CEF0E1DD49}
	EndGlobalSection
EndGlobal
